{
  "originHash" : "b8a0f30385ceb8d8816f2a474f75fe4937362dbe903bb273c3de4cc7728ae0d5",
  "pins" : [
    {
      "identity" : "cglfw3",
      "kind" : "remoteSourceControl",
      "location" : "https://github.com/IIMrFreemanII/CGLFW3",
      "state" : {
        "branch" : "main",
        "revision" : "68edd2b3ffc2b25f09e92653565559b272b62fcc"
      }
    },
    {
      "identity" : "cvulkan",
      "kind" : "remoteSourceControl",
      "location" : "https://github.com/IIMrFreemanII/CVulkan",
      "state" : {
        "branch" : "main",
        "revision" : "915e63e3c19069e92b0c989cc495c803fb63bd2e"
      }
    },
    {
      "identity" : "swiftglm",
      "kind" : "remoteSourceControl",
      "location" : "https://github.com/IIMrFreemanII/SwiftGLM",
      "state" : {
        "branch" : "main",
        "revision" : "fedb4b536e584f74e81e9b624396d2689c1aa3cf"
      }
    }
  ],
  "version" : 3
}
