{
  "originHash" : "d0d50227d718cabcf4f86b1ed4d82eb5b04bfd0d3e8cf3666507fee7671ff931",
  "pins" : [
    {
      "identity" : "cglfw3",
      "kind" : "remoteSourceControl",
      "location" : "https://github.com/IIMrFreemanII/CGLFW3",
      "state" : {
        "branch" : "main",
        "revision" : "68edd2b3ffc2b25f09e92653565559b272b62fcc"
      }
    },
    {
      "identity" : "cvulkan",
      "kind" : "remoteSourceControl",
      "location" : "https://github.com/IIMrFreemanII/CVulkan",
      "state" : {
        "branch" : "main",
        "revision" : "8bee16d737a337154667e8d7e36854652b456a1c"
      }
    },
    {
      "identity" : "swiftglm",
      "kind" : "remoteSourceControl",
      "location" : "https://github.com/IIMrFreemanII/SwiftGLM",
      "state" : {
        "branch" : "main",
        "revision" : "fedb4b536e584f74e81e9b624396d2689c1aa3cf"
      }
    }
  ],
  "version" : 3
}
